{
  "version": 4,
  "terraform_version": "1.11.1",
  "serial": 5,
  "lineage": "8141a39e-837e-5b03-eac9-2fe6e6532e51",
  "outputs": {},
  "resources": [
    {
      "mode": "managed",
      "type": "azurerm_virtual_network",
      "name": "chd_vnet",
      "provider": "provider[\"registry.terraform.io/hashicorp/azurerm\"]",
      "instances": [
        {
          "index_key": "vnet1",
          "schema_version": 0,
          "attributes": {
            "address_space": [
              "15.10.0.0/16"
            ],
            "bgp_community": "",
            "ddos_protection_plan": [],
            "dns_servers": [],
            "edge_zone": "",
            "encryption": [],
            "flow_timeout_in_minutes": 0,
            "guid": "51ac8a49-1033-41f8-b4cc-a04754066eb7",
            "id": "/subscriptions/d2df2a41-202d-4062-831a-7223cf0df18f/resourceGroups/rg-chd-01/providers/Microsoft.Network/virtualNetworks/subnet-chd-02",
            "location": "eastus",
            "name": "subnet-chd-02",
            "private_endpoint_vnet_policies": "Disabled",
            "resource_group_name": "rg-chd-01",
            "subnet": [
              {
                "address_prefixes": [
                  "15.10.2.0/24"
                ],
                "default_outbound_access_enabled": true,
                "delegation": [],
                "id": "/subscriptions/d2df2a41-202d-4062-831a-7223cf0df18f/resourceGroups/rg-chd-01/providers/Microsoft.Network/virtualNetworks/subnet-chd-02/subnets/subnet-chd-02",
                "name": "subnet-chd-02",
                "private_endpoint_network_policies": "Disabled",
                "private_link_service_network_policies_enabled": true,
                "route_table_id": "",
                "security_group": "",
                "service_endpoint_policy_ids": [],
                "service_endpoints": []
              }
            ],
            "tags": {},
            "timeouts": null
          },
          "sensitive_attributes": [],
          "private": "eyJlMmJmYjczMC1lY2FhLTExZTYtOGY4OC0zNDM2M2JjN2M0YzAiOnsiY3JlYXRlIjoxODAwMDAwMDAwMDAwLCJkZWxldGUiOjE4MDAwMDAwMDAwMDAsInJlYWQiOjMwMDAwMDAwMDAwMCwidXBkYXRlIjoxODAwMDAwMDAwMDAwfX0="
        }
      ]
    }
  ],
  "check_results": null
}
